
Microsoft Visual Studio Solution File, Format Version 12.00
# Visual Studio Version 17
VisualStudioVersion = 17.0.31903.59
MinimumVisualStudioVersion = 10.0.40219.1
Project("{FAE04EC0-301F-11D3-BF4B-00C04F79EFBC}") = "Expenses.Mvc", "Expenses.Mvc\Expenses.Mvc.csproj", "{9D6DE713-7011-4402-B6C0-4FC1FFDE2FBB}"
EndProject
Global
	GlobalSection(SolutionConfigurationPlatforms) = preSolution
		Debug|Any CPU = Debug|Any CPU
		Release|Any CPU = Release|Any CPU
	EndGlobalSection
	GlobalSection(ProjectConfigurationPlatforms) = postSolution
		{9D6DE713-7011-4402-B6C0-4FC1FFDE2FBB}.Debug|Any CPU.ActiveCfg = Debug|Any CPU
		{9D6DE713-7011-4402-B6C0-4FC1FFDE2FBB}.Debug|Any CPU.Build.0 = Debug|Any CPU
		{9D6DE713-7011-4402-B6C0-4FC1FFDE2FBB}.Release|Any CPU.ActiveCfg = Release|Any CPU
		{9D6DE713-7011-4402-B6C0-4FC1FFDE2FBB}.Release|Any CPU.Build.0 = Release|Any CPU
	EndGlobalSection
	GlobalSection(SolutionProperties) = preSolution
		HideSolutionNode = FALSE
	EndGlobalSection
	GlobalSection(ExtensibilityGlobals) = postSolution
		SolutionGuid = {81681798-AF70-4AD5-8892-0CFA102B9CB4}
	EndGlobalSection
EndGlobal
